// !$*UTF8*$!
{
	archiveVersion = 1;
	classes = {
	};
	objectVersion = 55;
	objects = {

/* Begin PBXBuildFile section */
		88028A2028861D7400F0BF04 /* OHConnectionManager.m in Sources */ = {isa = PBXBuildFile; fileRef = 88028A1F28861D7400F0BF04 /* OHConnectionManager.m */; };
		88CC3A8128842FE500CB058C /* main.mm in Sources */ = {isa = PBXBuildFile; fileRef = 88CC3A8028842FE500CB058C /* main.mm */; };
		88CC3A8B2884594400CB058C /* OHStreamConnection.m in Sources */ = {isa = PBXBuildFile; fileRef = 88CC3A8A2884594400CB058C /* OHStreamConnection.m */; };
		F8C0B70256AAAA2D5BF8441E /* Pods_MediaService.framework in Frameworks */ = {isa = PBXBuildFile; fileRef = 860FA2ED685750C20B70A316 /* Pods_MediaService.framework */; };
/* End PBXBuildFile section */

/* Begin PBXCopyFilesBuildPhase section */
		88CC3A7B28842FE500CB058C /* CopyFiles */ = {
			isa = PBXCopyFilesBuildPhase;
			buildActionMask = 2147483647;
			dstPath = /usr/share/man/man1/;
			dstSubfolderSpec = 0;
			files = (
			);
			runOnlyForDeploymentPostprocessing = 1;
		};
/* End PBXCopyFilesBuildPhase section */

/* Begin PBXFileReference section */
		0C5FEF228BF7B1A39E4776F8 /* Pods-MediaService.debug.xcconfig */ = {isa = PBXFileReference; includeInIndex = 1; lastKnownFileType = text.xcconfig; name = "Pods-MediaService.debug.xcconfig"; path = "Target Support Files/Pods-MediaService/Pods-MediaService.debug.xcconfig"; sourceTree = "<group>"; };
		198A4977B21226FA55F27525 /* Pods-MediaService.release.xcconfig */ = {isa = PBXFileReference; includeInIndex = 1; lastKnownFileType = text.xcconfig; name = "Pods-MediaService.release.xcconfig"; path = "Target Support Files/Pods-MediaService/Pods-MediaService.release.xcconfig"; sourceTree = "<group>"; };
		860FA2ED685750C20B70A316 /* Pods_MediaService.framework */ = {isa = PBXFileReference; explicitFileType = wrapper.framework; includeInIndex = 0; path = Pods_MediaService.framework; sourceTree = BUILT_PRODUCTS_DIR; };
		88028A1E28861D7400F0BF04 /* OHConnectionManager.h */ = {isa = PBXFileReference; lastKnownFileType = sourcecode.c.h; path = OHConnectionManager.h; sourceTree = "<group>"; };
		88028A1F28861D7400F0BF04 /* OHConnectionManager.m */ = {isa = PBXFileReference; lastKnownFileType = sourcecode.c.objc; path = OHConnectionManager.m; sourceTree = "<group>"; };
		88CC3A7D28842FE500CB058C /* MediaService */ = {isa = PBXFileReference; explicitFileType = "compiled.mach-o.executable"; includeInIndex = 0; path = MediaService; sourceTree = BUILT_PRODUCTS_DIR; };
		88CC3A8028842FE500CB058C /* main.mm */ = {isa = PBXFileReference; lastKnownFileType = sourcecode.cpp.objcpp; path = main.mm; sourceTree = "<group>"; };
		88CC3A892884594400CB058C /* OHStreamConnection.h */ = {isa = PBXFileReference; lastKnownFileType = sourcecode.c.h; path = OHStreamConnection.h; sourceTree = "<group>"; };
		88CC3A8A2884594400CB058C /* OHStreamConnection.m */ = {isa = PBXFileReference; lastKnownFileType = sourcecode.c.objc; path = OHStreamConnection.m; sourceTree = "<group>"; };
/* End PBXFileReference section */

/* Begin PBXFrameworksBuildPhase section */
		88CC3A7A28842FE500CB058C /* Frameworks */ = {
			isa = PBXFrameworksBuildPhase;
			buildActionMask = 2147483647;
			files = (
				F8C0B70256AAAA2D5BF8441E /* Pods_MediaService.framework in Frameworks */,
			);
			runOnlyForDeploymentPostprocessing = 0;
		};
/* End PBXFrameworksBuildPhase section */

/* Begin PBXGroup section */
		88CC3A7428842FE500CB058C = {
			isa = PBXGroup;
			children = (
				88CC3A7F28842FE500CB058C /* MediaService */,
				88CC3A7E28842FE500CB058C /* Products */,
				B99309ADA87E5FCE4CA2CE53 /* Pods */,
				BD953EE4D74BB8950B53209D /* Frameworks */,
			);
			sourceTree = "<group>";
		};
		88CC3A7E28842FE500CB058C /* Products */ = {
			isa = PBXGroup;
			children = (
				88CC3A7D28842FE500CB058C /* MediaService */,
			);
			name = Products;
			sourceTree = "<group>";
		};
		88CC3A7F28842FE500CB058C /* MediaService */ = {
			isa = PBXGroup;
			children = (
				88CC3A882884591200CB058C /* helper */,
				88CC3A8028842FE500CB058C /* main.mm */,
			);
			path = MediaService;
			sourceTree = "<group>";
		};
		88CC3A882884591200CB058C /* helper */ = {
			isa = PBXGroup;
			children = (
				88CC3A892884594400CB058C /* OHStreamConnection.h */,
				88CC3A8A2884594400CB058C /* OHStreamConnection.m */,
				88028A1E28861D7400F0BF04 /* OHConnectionManager.h */,
				88028A1F28861D7400F0BF04 /* OHConnectionManager.m */,
			);
			path = helper;
			sourceTree = "<group>";
		};
		B99309ADA87E5FCE4CA2CE53 /* Pods */ = {
			isa = PBXGroup;
			children = (
				0C5FEF228BF7B1A39E4776F8 /* Pods-MediaService.debug.xcconfig */,
				198A4977B21226FA55F27525 /* Pods-MediaService.release.xcconfig */,
			);
			path = Pods;
			sourceTree = "<group>";
		};
		BD953EE4D74BB8950B53209D /* Frameworks */ = {
			isa = PBXGroup;
			children = (
				860FA2ED685750C20B70A316 /* Pods_MediaService.framework */,
			);
			name = Frameworks;
			sourceTree = "<group>";
		};
/* End PBXGroup section */

/* Begin PBXNativeTarget section */
		88CC3A7C28842FE500CB058C /* MediaService */ = {
			isa = PBXNativeTarget;
			buildConfigurationList = 88CC3A8428842FE500CB058C /* Build configuration list for PBXNativeTarget "MediaService" */;
			buildPhases = (
				9347423AD0F45522C4E817CE /* [CP] Check Pods Manifest.lock */,
				88CC3A7928842FE500CB058C /* Sources */,
				88CC3A7A28842FE500CB058C /* Frameworks */,
				88CC3A7B28842FE500CB058C /* CopyFiles */,
			);
			buildRules = (
			);
			dependencies = (
			);
			name = MediaService;
			productName = MediaService;
			productReference = 88CC3A7D28842FE500CB058C /* MediaService */;
			productType = "com.apple.product-type.tool";
		};
/* End PBXNativeTarget section */

/* Begin PBXProject section */
		88CC3A7528842FE500CB058C /* Project object */ = {
			isa = PBXProject;
			attributes = {
				BuildIndependentTargetsInParallel = 1;
				LastUpgradeCheck = 1340;
				TargetAttributes = {
					88CC3A7C28842FE500CB058C = {
						CreatedOnToolsVersion = 13.4.1;
						LastSwiftMigration = 1340;
					};
				};
			};
			buildConfigurationList = 88CC3A7828842FE500CB058C /* Build configuration list for PBXProject "MediaService" */;
			compatibilityVersion = "Xcode 13.0";
			developmentRegion = en;
			hasScannedForEncodings = 0;
			knownRegions = (
				en,
				Base,
			);
			mainGroup = 88CC3A7428842FE500CB058C;
			productRefGroup = 88CC3A7E28842FE500CB058C /* Products */;
			projectDirPath = "";
			projectRoot = "";
			targets = (
				88CC3A7C28842FE500CB058C /* MediaService */,
			);
		};
/* End PBXProject section */

/* Begin PBXShellScriptBuildPhase section */
		9347423AD0F45522C4E817CE /* [CP] Check Pods Manifest.lock */ = {
			isa = PBXShellScriptBuildPhase;
			buildActionMask = 2147483647;
			files = (
			);
			inputFileListPaths = (
			);
			inputPaths = (
				"${PODS_PODFILE_DIR_PATH}/Podfile.lock",
				"${PODS_ROOT}/Manifest.lock",
			);
			name = "[CP] Check Pods Manifest.lock";
			outputFileListPaths = (
			);
			outputPaths = (
				"$(DERIVED_FILE_DIR)/Pods-MediaService-checkManifestLockResult.txt",
			);
			runOnlyForDeploymentPostprocessing = 0;
			shellPath = /bin/sh;
			shellScript = "diff \"${PODS_PODFILE_DIR_PATH}/Podfile.lock\" \"${PODS_ROOT}/Manifest.lock\" > /dev/null\nif [ $? != 0 ] ; then\n    # print error to STDERR\n    echo \"error: The sandbox is not in sync with the Podfile.lock. Run 'pod install' or update your CocoaPods installation.\" >&2\n    exit 1\nfi\n# This output is used by Xcode 'outputs' to avoid re-running this script phase.\necho \"SUCCESS\" > \"${SCRIPT_OUTPUT_FILE_0}\"\n";
			showEnvVarsInLog = 0;
		};
/* End PBXShellScriptBuildPhase section */

/* Begin PBXSourcesBuildPhase section */
		88CC3A7928842FE500CB058C /* Sources */ = {
			isa = PBXSourcesBuildPhase;
			buildActionMask = 2147483647;
			files = (
				88028A2028861D7400F0BF04 /* OHConnectionManager.m in Sources */,
				88CC3A8128842FE500CB058C /* main.mm in Sources */,
				88CC3A8B2884594400CB058C /* OHStreamConnection.m in Sources */,
			);
			runOnlyForDeploymentPostprocessing = 0;
		};
/* End PBXSourcesBuildPhase section */

/* Begin XCBuildConfiguration section */
		88CC3A8228842FE500CB058C /* Debug */ = {
			isa = XCBuildConfiguration;
			buildSettings = {
				ALWAYS_SEARCH_USER_PATHS = NO;
				CLANG_ANALYZER_NONNULL = YES;
				CLANG_ANALYZER_NUMBER_OBJECT_CONVERSION = YES_AGGRESSIVE;
				CLANG_CXX_LANGUAGE_STANDARD = "gnu++17";
				CLANG_ENABLE_MODULES = YES;
				CLANG_ENABLE_OBJC_ARC = YES;
				CLANG_ENABLE_OBJC_WEAK = YES;
				CLANG_WARN_BLOCK_CAPTURE_AUTORELEASING = YES;
				CLANG_WARN_BOOL_CONVERSION = YES;
				CLANG_WARN_COMMA = YES;
				CLANG_WARN_CONSTANT_CONVERSION = YES;
				CLANG_WARN_DEPRECATED_OBJC_IMPLEMENTATIONS = YES;
				CLANG_WARN_DIRECT_OBJC_ISA_USAGE = YES_ERROR;
				CLANG_WARN_DOCUMENTATION_COMMENTS = YES;
				CLANG_WARN_EMPTY_BODY = YES;
				CLANG_WARN_ENUM_CONVERSION = YES;
				CLANG_WARN_INFINITE_RECURSION = YES;
				CLANG_WARN_INT_CONVERSION = YES;
				CLANG_WARN_NON_LITERAL_NULL_CONVERSION = YES;
				CLANG_WARN_OBJC_IMPLICIT_RETAIN_SELF = YES;
				CLANG_WARN_OBJC_LITERAL_CONVERSION = YES;
				CLANG_WARN_OBJC_ROOT_CLASS = YES_ERROR;
				CLANG_WARN_QUOTED_INCLUDE_IN_FRAMEWORK_HEADER = YES;
				CLANG_WARN_RANGE_LOOP_ANALYSIS = YES;
				CLANG_WARN_STRICT_PROTOTYPES = YES;
				CLANG_WARN_SUSPICIOUS_MOVE = YES;
				CLANG_WARN_UNGUARDED_AVAILABILITY = YES_AGGRESSIVE;
				CLANG_WARN_UNREACHABLE_CODE = YES;
				CLANG_WARN__DUPLICATE_METHOD_MATCH = YES;
				COPY_PHASE_STRIP = NO;
				DEBUG_INFORMATION_FORMAT = dwarf;
				ENABLE_STRICT_OBJC_MSGSEND = YES;
				ENABLE_TESTABILITY = YES;
				GCC_C_LANGUAGE_STANDARD = gnu11;
				GCC_DYNAMIC_NO_PIC = NO;
				GCC_NO_COMMON_BLOCKS = YES;
				GCC_OPTIMIZATION_LEVEL = 0;
				GCC_PREPROCESSOR_DEFINITIONS = (
					"DEBUG=1",
					"$(inherited)",
				);
				GCC_WARN_64_TO_32_BIT_CONVERSION = YES;
				GCC_WARN_ABOUT_RETURN_TYPE = YES_ERROR;
				GCC_WARN_UNDECLARED_SELECTOR = YES;
				GCC_WARN_UNINITIALIZED_AUTOS = YES_AGGRESSIVE;
				GCC_WARN_UNUSED_FUNCTION = YES;
				GCC_WARN_UNUSED_VARIABLE = YES;
				MACOSX_DEPLOYMENT_TARGET = 12.3;
				MTL_ENABLE_DEBUG_INFO = INCLUDE_SOURCE;
				MTL_FAST_MATH = YES;
				ONLY_ACTIVE_ARCH = YES;
				SDKROOT = macosx;
			};
			name = Debug;
		};
		88CC3A8328842FE500CB058C /* Release */ = {
			isa = XCBuildConfiguration;
			buildSettings = {
				ALWAYS_SEARCH_USER_PATHS = NO;
				CLANG_ANALYZER_NONNULL = YES;
				CLANG_ANALYZER_NUMBER_OBJECT_CONVERSION = YES_AGGRESSIVE;
				CLANG_CXX_LANGUAGE_STANDARD = "gnu++17";
				CLANG_ENABLE_MODULES = YES;
				CLANG_ENABLE_OBJC_ARC = YES;
				CLANG_ENABLE_OBJC_WEAK = YES;
				CLANG_WARN_BLOCK_CAPTURE_AUTORELEASING = YES;
				CLANG_WARN_BOOL_CONVERSION = YES;
				CLANG_WARN_COMMA = YES;
				CLANG_WARN_CONSTANT_CONVERSION = YES;
				CLANG_WARN_DEPRECATED_OBJC_IMPLEMENTATIONS = YES;
				CLANG_WARN_DIRECT_OBJC_ISA_USAGE = YES_ERROR;
				CLANG_WARN_DOCUMENTATION_COMMENTS = YES;
				CLANG_WARN_EMPTY_BODY = YES;
				CLANG_WARN_ENUM_CONVERSION = YES;
				CLANG_WARN_INFINITE_RECURSION = YES;
				CLANG_WARN_INT_CONVERSION = YES;
				CLANG_WARN_NON_LITERAL_NULL_CONVERSION = YES;
				CLANG_WARN_OBJC_IMPLICIT_RETAIN_SELF = YES;
				CLANG_WARN_OBJC_LITERAL_CONVERSION = YES;
				CLANG_WARN_OBJC_ROOT_CLASS = YES_ERROR;
				CLANG_WARN_QUOTED_INCLUDE_IN_FRAMEWORK_HEADER = YES;
				CLANG_WARN_RANGE_LOOP_ANALYSIS = YES;
				CLANG_WARN_STRICT_PROTOTYPES = YES;
				CLANG_WARN_SUSPICIOUS_MOVE = YES;
				CLANG_WARN_UNGUARDED_AVAILABILITY = YES_AGGRESSIVE;
				CLANG_WARN_UNREACHABLE_CODE = YES;
				CLANG_WARN__DUPLICATE_METHOD_MATCH = YES;
				COPY_PHASE_STRIP = NO;
				DEBUG_INFORMATION_FORMAT = "dwarf-with-dsym";
				ENABLE_NS_ASSERTIONS = NO;
				ENABLE_STRICT_OBJC_MSGSEND = YES;
				GCC_C_LANGUAGE_STANDARD = gnu11;
				GCC_NO_COMMON_BLOCKS = YES;
				GCC_WARN_64_TO_32_BIT_CONVERSION = YES;
				GCC_WARN_ABOUT_RETURN_TYPE = YES_ERROR;
				GCC_WARN_UNDECLARED_SELECTOR = YES;
				GCC_WARN_UNINITIALIZED_AUTOS = YES_AGGRESSIVE;
				GCC_WARN_UNUSED_FUNCTION = YES;
				GCC_WARN_UNUSED_VARIABLE = YES;
				MACOSX_DEPLOYMENT_TARGET = 12.3;
				MTL_ENABLE_DEBUG_INFO = NO;
				MTL_FAST_MATH = YES;
				SDKROOT = macosx;
			};
			name = Release;
		};
		88CC3A8528842FE500CB058C /* Debug */ = {
			isa = XCBuildConfiguration;
			baseConfigurationReference = 0C5FEF228BF7B1A39E4776F8 /* Pods-MediaService.debug.xcconfig */;
			buildSettings = {
				CLANG_ENABLE_MODULES = YES;
				CODE_SIGN_STYLE = Automatic;
				DEVELOPMENT_TEAM = NSJM2J9JJK;
				ENABLE_HARDENED_RUNTIME = YES;
				LD_RUNPATH_SEARCH_PATHS = (
					"$(inherited)",
					"@executable_path/../Frameworks",
					"@loader_path/../Frameworks",
				);
				PRODUCT_NAME = "$(TARGET_NAME)";
				SWIFT_OBJC_BRIDGING_HEADER = "MediaService/MediaService-Bridging-Header.h";
				SWIFT_OPTIMIZATION_LEVEL = "-Onone";
				SWIFT_VERSION = 5.0;
			};
			name = Debug;
		};
		88CC3A8628842FE500CB058C /* Release */ = {
			isa = XCBuildConfiguration;
			baseConfigurationReference = 198A4977B21226FA55F27525 /* Pods-MediaService.release.xcconfig */;
			buildSettings = {
				CLANG_ENABLE_MODULES = YES;
				CODE_SIGN_STYLE = Automatic;
				DEVELOPMENT_TEAM = NSJM2J9JJK;
				ENABLE_HARDENED_RUNTIME = YES;
				LD_RUNPATH_SEARCH_PATHS = (
					"$(inherited)",
					"@executable_path/../Frameworks",
					"@loader_path/../Frameworks",
				);
				PRODUCT_NAME = "$(TARGET_NAME)";
				SWIFT_OBJC_BRIDGING_HEADER = "MediaService/MediaService-Bridging-Header.h";
				SWIFT_VERSION = 5.0;
			};
			name = Release;
		};
/* End XCBuildConfiguration section */

/* Begin XCConfigurationList section */
		88CC3A7828842FE500CB058C /* Build configuration list for PBXProject "MediaService" */ = {
			isa = XCConfigurationList;
			buildConfigurations = (
				88CC3A8228842FE500CB058C /* Debug */,
				88CC3A8328842FE500CB058C /* Release */,
			);
			defaultConfigurationIsVisible = 0;
			defaultConfigurationName = Release;
		};
		88CC3A8428842FE500CB058C /* Build configuration list for PBXNativeTarget "MediaService" */ = {
			isa = XCConfigurationList;
			buildConfigurations = (
				88CC3A8528842FE500CB058C /* Debug */,
				88CC3A8628842FE500CB058C /* Release */,
			);
			defaultConfigurationIsVisible = 0;
			defaultConfigurationName = Release;
		};
/* End XCConfigurationList section */
	};
	rootObject = 88CC3A7528842FE500CB058C /* Project object */;
}
